
Microsoft Visual Studio Solution File, Format Version 12.00
# Visual Studio Version 17
VisualStudioVersion = 17.6.33723.286
MinimumVisualStudioVersion = 10.0.40219.1
Project("{8BC9CEB8-8B4A-11D0-8D11-00A0C91BC942}") = "Project12", "Project12\Project12.vcxproj", "{840B5281-8B44-4E6E-A288-DA67252D9001}"
EndProject
Global
	GlobalSection(SolutionConfigurationPlatforms) = preSolution
		Debug|x64 = Debug|x64
		Debug|x86 = Debug|x86
		Release|x64 = Release|x64
		Release|x86 = Release|x86
	EndGlobalSection
	GlobalSection(ProjectConfigurationPlatforms) = postSolution
		{840B5281-8B44-4E6E-A288-DA67252D9001}.Debug|x64.ActiveCfg = Debug|x64
		{840B5281-8B44-4E6E-A288-DA67252D9001}.Debug|x64.Build.0 = Debug|x64
		{840B5281-8B44-4E6E-A288-DA67252D9001}.Debug|x86.ActiveCfg = Debug|Win32
		{840B5281-8B44-4E6E-A288-DA67252D9001}.Debug|x86.Build.0 = Debug|Win32
		{840B5281-8B44-4E6E-A288-DA67252D9001}.Release|x64.ActiveCfg = Release|x64
		{840B5281-8B44-4E6E-A288-DA67252D9001}.Release|x64.Build.0 = Release|x64
		{840B5281-8B44-4E6E-A288-DA67252D9001}.Release|x86.ActiveCfg = Release|Win32
		{840B5281-8B44-4E6E-A288-DA67252D9001}.Release|x86.Build.0 = Release|Win32
	EndGlobalSection
	GlobalSection(SolutionProperties) = preSolution
		HideSolutionNode = FALSE
	EndGlobalSection
	GlobalSection(ExtensibilityGlobals) = postSolution
		SolutionGuid = {0E3E54E8-23FF-4DFA-B51C-0F5F0B7B161C}
	EndGlobalSection
EndGlobal
